
Microsoft Visual Studio Solution File, Format Version 12.00
# Visual Studio Version 17
VisualStudioVersion = 17.0.32014.148
MinimumVisualStudioVersion = 10.0.40219.1
Project("{FAE04EC0-301F-11D3-BF4B-00C04F79EFBC}") = "AlphaUTMMon", "AlphaUTMMon\AlphaUTMMon.csproj", "{6CD5A884-F24B-49DD-8946-3940EC56612F}"
EndProject
Project("{FAE04EC0-301F-11D3-BF4B-00C04F79EFBC}") = "AMcore", "AMcore\AMcore.csproj", "{C0AA0728-ED8D-4CA5-B3AF-A15CAE2176FF}"
EndProject
Project("{FAE04EC0-301F-11D3-BF4B-00C04F79EFBC}") = "MonDebug", "MonDebug\MonDebug.csproj", "{B246FA89-78FF-4A44-8F47-6C1C23DC1FB1}"
EndProject
Project("{FAE04EC0-301F-11D3-BF4B-00C04F79EFBC}") = "AMTests", "AMTests\AMTests.csproj", "{906164EB-912A-4A5E-9ADE-8C86EAAC09F4}"
EndProject
Global
	GlobalSection(SolutionConfigurationPlatforms) = preSolution
		Debug|Any CPU = Debug|Any CPU
		Release|Any CPU = Release|Any CPU
	EndGlobalSection
	GlobalSection(ProjectConfigurationPlatforms) = postSolution
		{6CD5A884-F24B-49DD-8946-3940EC56612F}.Debug|Any CPU.ActiveCfg = Debug|Any CPU
		{6CD5A884-F24B-49DD-8946-3940EC56612F}.Debug|Any CPU.Build.0 = Debug|Any CPU
		{6CD5A884-F24B-49DD-8946-3940EC56612F}.Release|Any CPU.ActiveCfg = Release|Any CPU
		{6CD5A884-F24B-49DD-8946-3940EC56612F}.Release|Any CPU.Build.0 = Release|Any CPU
		{C0AA0728-ED8D-4CA5-B3AF-A15CAE2176FF}.Debug|Any CPU.ActiveCfg = Debug|Any CPU
		{C0AA0728-ED8D-4CA5-B3AF-A15CAE2176FF}.Debug|Any CPU.Build.0 = Debug|Any CPU
		{C0AA0728-ED8D-4CA5-B3AF-A15CAE2176FF}.Release|Any CPU.ActiveCfg = Release|Any CPU
		{C0AA0728-ED8D-4CA5-B3AF-A15CAE2176FF}.Release|Any CPU.Build.0 = Release|Any CPU
		{B246FA89-78FF-4A44-8F47-6C1C23DC1FB1}.Debug|Any CPU.ActiveCfg = Debug|Any CPU
		{B246FA89-78FF-4A44-8F47-6C1C23DC1FB1}.Debug|Any CPU.Build.0 = Debug|Any CPU
		{B246FA89-78FF-4A44-8F47-6C1C23DC1FB1}.Release|Any CPU.ActiveCfg = Release|Any CPU
		{B246FA89-78FF-4A44-8F47-6C1C23DC1FB1}.Release|Any CPU.Build.0 = Release|Any CPU
		{906164EB-912A-4A5E-9ADE-8C86EAAC09F4}.Debug|Any CPU.ActiveCfg = Debug|Any CPU
		{906164EB-912A-4A5E-9ADE-8C86EAAC09F4}.Debug|Any CPU.Build.0 = Debug|Any CPU
		{906164EB-912A-4A5E-9ADE-8C86EAAC09F4}.Release|Any CPU.ActiveCfg = Release|Any CPU
		{906164EB-912A-4A5E-9ADE-8C86EAAC09F4}.Release|Any CPU.Build.0 = Release|Any CPU
	EndGlobalSection
	GlobalSection(SolutionProperties) = preSolution
		HideSolutionNode = FALSE
	EndGlobalSection
	GlobalSection(ExtensibilityGlobals) = postSolution
		SolutionGuid = {5C7F0320-AA27-4CD3-B442-7070F6C74484}
	EndGlobalSection
EndGlobal
